
Microsoft Visual Studio Solution File, Format Version 12.00
# Visual Studio Version 17
VisualStudioVersion = 17.10.35027.167
MinimumVisualStudioVersion = 10.0.40219.1
Project("{FAE04EC0-301F-11D3-BF4B-00C04F79EFBC}") = "DesafioBooksApi", "DesafioBooksApi.csproj", "{A5E2C5FD-A309-444E-A118-7A5A7DEECBCD}"
EndProject
Global
	GlobalSection(SolutionConfigurationPlatforms) = preSolution
		Debug|Any CPU = Debug|Any CPU
		Release|Any CPU = Release|Any CPU
	EndGlobalSection
	GlobalSection(ProjectConfigurationPlatforms) = postSolution
		{A5E2C5FD-A309-444E-A118-7A5A7DEECBCD}.Debug|Any CPU.ActiveCfg = Debug|Any CPU
		{A5E2C5FD-A309-444E-A118-7A5A7DEECBCD}.Debug|Any CPU.Build.0 = Debug|Any CPU
		{A5E2C5FD-A309-444E-A118-7A5A7DEECBCD}.Release|Any CPU.ActiveCfg = Release|Any CPU
		{A5E2C5FD-A309-444E-A118-7A5A7DEECBCD}.Release|Any CPU.Build.0 = Release|Any CPU
	EndGlobalSection
	GlobalSection(SolutionProperties) = preSolution
		HideSolutionNode = FALSE
	EndGlobalSection
	GlobalSection(ExtensibilityGlobals) = postSolution
		SolutionGuid = {FA5A8114-AA22-4128-9632-7E54411ECA55}
	EndGlobalSection
EndGlobal
